{
  "requires": true,
  "lockfileVersion": 1,
  "dependencies": {
    "sanity": {
      "version": "2.20.0",
      "resolved": "https://registry.npmjs.org/sanity/-/sanity-2.20.0.tgz",
      "integrity": "sha512-9X1f+WwhRikcu25qbKsGQ83m09vPCtDu9X5K/fjFM9Cd13Kk0DGiuIuGtO3F0+tmsWCvJ/gtZ5DUfCOvU+0fFA=="
    }
  }
}
